{
  "name": "wwetl",
  "version": "1.0.0",
  "lockfileVersion": 3,
  "requires": true,
  "packages": {
    "": {
      "name": "wwetl",
      "version": "1.0.0",
      "license": "ISC",
      "dependencies": {
        "@web-std/file": "^3.0.2",
        "@wix/api-client": "^1.1.56",
        "@wix/blog": "^1.0.169",
        "axios": "^1.3.6",
        "html-tag": "^2.0.0",
        "nodemon": "^2.0.22",
        "wix": "^0.1.1",
        "wpapi": "^1.2.2"
      }
    },
    "node_modules/@babel/runtime": {
      "version": "7.21.0",
      "resolved": "https://registry.npmjs.org/@babel/runtime/-/runtime-7.21.0.tgz",
      "integrity": "sha512-xwII0//EObnq89Ji5AKYQaRYiW/nZ3llSv29d49IuxPhKbtJoLP+9QUUZ4nVragQVtaVGeZrpB+ZtG/Pdy/POw==",
      "dependencies": {
        "regenerator-runtime": "^0.13.11"
      },
      "engines": {
        "node": ">=6.9.0"
      }
    },
    "node_modules/@rushstack/eslint-patch": {
      "version": "1.2.0",
      "resolved": "https://registry.npmjs.org/@rushstack/eslint-patch/-/eslint-patch-1.2.0.tgz",
      "integrity": "sha512-sXo/qW2/pAcmT43VoRKOJbDOfV3cYpq3szSVfIThQXNt+E4DfKj361vaAt3c88U5tPUxzEswam7GW48PJqtKAg=="
    },
    "node_modules/@web-std/blob": {
      "version": "3.0.4",
      "resolved": "https://registry.npmjs.org/@web-std/blob/-/blob-3.0.4.tgz",
      "integrity": "sha512-+dibyiw+uHYK4dX5cJ7HA+gtDAaUUe6JsOryp2ZpAC7h4ICsh49E34JwHoEKPlPvP0llCrNzz45vvD+xX5QDBg==",
      "dependencies": {
        "@web-std/stream": "1.0.0",
        "web-encoding": "1.1.5"
      }
    },
    "node_modules/@web-std/file": {
      "version": "3.0.2",
      "resolved": "https://registry.npmjs.org/@web-std/file/-/file-3.0.2.tgz",
      "integrity": "sha512-pIH0uuZsmY8YFvSHP1NsBIiMT/1ce0suPrX74fEeO3Wbr1+rW0fUGEe4d0R99iLwXtyCwyserqCFI4BJkJlkRA==",
      "dependencies": {
        "@web-std/blob": "^3.0.3"
      }
    },
    "node_modules/@web-std/stream": {
      "version": "1.0.0",
      "resolved": "https://registry.npmjs.org/@web-std/stream/-/stream-1.0.0.tgz",
      "integrity": "sha512-jyIbdVl+0ZJyKGTV0Ohb9E6UnxP+t7ZzX4Do3AHjZKxUXKMs9EmqnBDQgHF7bEw0EzbQygOjtt/7gvtmi//iCQ==",
      "dependencies": {
        "web-streams-polyfill": "^3.1.1"
      }
    },
    "node_modules/@wix/api-client": {
      "version": "1.1.56",
      "resolved": "https://registry.npmjs.org/@wix/api-client/-/api-client-1.1.56.tgz",
      "integrity": "sha512-PHh4sYkpODy9J842JeZ2ok7ntWh7tGeuU34Pwg5oEfzLg5EC/uroJDog+VUZyn/j70ZB+GJbs89VOCUxgP1uuQ==",
      "dependencies": {
        "@babel/runtime": "^7.21.0",
        "@wix/identity": "^1.0.27",
        "@wix/image-kit": "^1.31.0",
        "@wix/redirects": "^1.0.1",
        "@wix/sdk-types": "1.1.56",
        "pkce-challenge": "^3.1.0",
        "querystring": "^0.2.1",
        "type-fest": "^2.19.0"
      }
    },
    "node_modules/@wix/blog": {
      "version": "1.0.169",
      "resolved": "https://registry.npmjs.org/@wix/blog/-/blog-1.0.169.tgz",
      "integrity": "sha512-cuchLG55TWAnzZWPis9cKCwv97JRS2oTpCFPAz/6nXaUQA7sEWFJgIc5RHCbftdKRrVtLcMMg5AvJJ9fUpR5kw==",
      "dependencies": {
        "@wix/metro-runtime": "^1.0.0",
        "@wix/motion-edm-autogen-query-wrapper": "^1.0.0",
        "@wix/sdk-types": "^1.0.0"
      }
    },
    "node_modules/@wix/filter-builder": {
      "version": "1.0.18",
      "resolved": "https://registry.npmjs.org/@wix/filter-builder/-/filter-builder-1.0.18.tgz",
      "integrity": "sha512-0WrWIzzA57o7WaZTteAXMUE8v83k1SAV3w0gf6sAlqHy8SUoqqsdTxwdQJI10vXS4RhbwXH/hEqZedkFzwJlDQ==",
      "dependencies": {
        "@babel/runtime": "^7.20.6",
        "kind-of": "~5.1.0",
        "tslib": "^2.4.1"
      }
    },
    "node_modules/@wix/identity": {
      "version": "1.0.27",
      "resolved": "https://registry.npmjs.org/@wix/identity/-/identity-1.0.27.tgz",
      "integrity": "sha512-/NY0CNQZ8xiQWxDHV3pt2d2XKdXJ8XpipeiCahvvLt7P2UxitnVMP8Z6NYkhiaG3QM0UVcl6HZU7YmuKRJC6Rg==",
      "dependencies": {
        "@wix/metro-runtime": "^1.0.0",
        "@wix/motion-edm-autogen-query-wrapper": "^1.0.0",
        "@wix/sdk-types": "^1.0.0"
      }
    },
    "node_modules/@wix/image-kit": {
      "version": "1.31.0",
      "resolved": "https://registry.npmjs.org/@wix/image-kit/-/image-kit-1.31.0.tgz",
      "integrity": "sha512-9TIAbC7PdnSM4mu7AMyO7FMWaKU7soo2sQyAQXt/DEEMD+TcCtv7lkdZHhwSoIVurRu1VG1cfejpnNPv4t285g==",
      "dependencies": {
        "@babel/runtime": "^7.0.0",
        "tslib": "^2.0.0"
      }
    },
    "node_modules/@wix/metro-public-utils": {
      "version": "1.0.4",
      "resolved": "https://registry.npmjs.org/@wix/metro-public-utils/-/metro-public-utils-1.0.4.tgz",
      "integrity": "sha512-/6uKSyXulwMn7woLHs5xcVmUTxDp9xgMvOwK6hpkpQFsQfZfo083NCQ6WkGTTMrkT1Cy/y4Mt40ZFQ1tPJTHpA==",
      "dependencies": {
        "@babel/runtime": "^7.0.0"
      }
    },
    "node_modules/@wix/metro-runtime": {
      "version": "1.1476.0",
      "resolved": "https://registry.npmjs.org/@wix/metro-runtime/-/metro-runtime-1.1476.0.tgz",
      "integrity": "sha512-u+bD/Af9pc1fi6u2a5EnGASTjxgm+bDJqhyAtxK4py7Ak5prP2ixcRQbD8DjBMqQJ031i934ZjAt8T4P06d3xQ==",
      "dependencies": {
        "@wix/metro-public-utils": "1.0.4",
        "@wix/motion-edm-autogen-p13n": "1.0.14",
        "@wix/motion-edm-autogen-transformations": "1.16.0",
        "@wix/motion-edm-autogen-transformations-core": "1.15.0",
        "lodash": "^4.17.21",
        "long": "^4.0.0"
      }
    },
    "node_modules/@wix/motion-edm-autogen-common": {
      "version": "1.13.0",
      "resolved": "https://registry.npmjs.org/@wix/motion-edm-autogen-common/-/motion-edm-autogen-common-1.13.0.tgz",
      "integrity": "sha512-jC4SYHY19j9Pl0xjIxrubPrCmZj3TwMW65aKRy+OaVRlqihJAIoibyzDriNeYD0amPLbuQgK+CAeQmZuMIao+A==",
      "dependencies": {
        "@babel/runtime": "^7.0.0",
        "@wix/motion-edm-autogen-types": "1.0.7",
        "lodash": "~4.17.0",
        "tslib": "^2.0.0"
      }
    },
    "node_modules/@wix/motion-edm-autogen-p13n": {
      "version": "1.0.14",
      "resolved": "https://registry.npmjs.org/@wix/motion-edm-autogen-p13n/-/motion-edm-autogen-p13n-1.0.14.tgz",
      "integrity": "sha512-xgBCmLlXuuy9HCt4cyQz4GQpHradpUsabk9Daq+Q8L9zWpCI+z2vnDRI6QBLRqCQvvq3gl8nPg2hGnSCcFFnCg==",
      "dependencies": {
        "@babel/runtime": "^7.0.0",
        "@wix/motion-edm-autogen-types": "1.0.7",
        "lodash": "~4.17.0"
      }
    },
    "node_modules/@wix/motion-edm-autogen-query-wrapper": {
      "version": "1.0.24",
      "resolved": "https://registry.npmjs.org/@wix/motion-edm-autogen-query-wrapper/-/motion-edm-autogen-query-wrapper-1.0.24.tgz",
      "integrity": "sha512-zUDmHtAvRYaHzlUoKqWvvGHHuRntrcXiarmNmGIr+LlM6ePlh9IRLGP8ZW6UNd641tFIbbjQxzMvyDZuKBrPlQ==",
      "dependencies": {
        "@babel/runtime": "^7.0.0",
        "@wix/filter-builder": "^1.0.18",
        "@wix/motion-edm-autogen-common": "1.13.0",
        "@wix/motion-edm-autogen-transformations-core": "1.15.0",
        "lodash": "~4.17.0",
        "long": "~4.0.0",
        "tslib": "^2.0.0"
      }
    },
    "node_modules/@wix/motion-edm-autogen-transformations": {
      "version": "1.16.0",
      "resolved": "https://registry.npmjs.org/@wix/motion-edm-autogen-transformations/-/motion-edm-autogen-transformations-1.16.0.tgz",
      "integrity": "sha512-RtIF28T2SjosVq5kw7jy0AXUgjTc+2pH4geW1Z3crwewipTAObBbd0wtOWkMZxxg6xpDU2xQXlMzMOZWXKn88Q==",
      "dependencies": {
        "@babel/runtime": "^7.0.0",
        "@rushstack/eslint-patch": "^1.1.0",
        "@wix/motion-edm-autogen-common": "1.13.0",
        "@wix/motion-edm-autogen-transformations-core": "1.15.0",
        "constant-case": "~3.0.0",
        "deep-for-each": "~3.0.0",
        "js-yaml": "~4.1.0",
        "jsonpath-plus": "~5.1.0",
        "lodash": "~4.17.0",
        "tslib": "^2.0.0"
      }
    },
    "node_modules/@wix/motion-edm-autogen-transformations-core": {
      "version": "1.15.0",
      "resolved": "https://registry.npmjs.org/@wix/motion-edm-autogen-transformations-core/-/motion-edm-autogen-transformations-core-1.15.0.tgz",
      "integrity": "sha512-+7If0lVwcDZXrnIbK+PoBp0yfVPbSfVAhnoxYIa8NZnfd+1Mjz/c1TBDX/b2feAFsqQp23n1jGk06q2Tmhag5Q==",
      "dependencies": {
        "@babel/runtime": "^7.0.0",
        "@rushstack/eslint-patch": "^1.1.0",
        "@wix/motion-edm-autogen-common": "1.13.0",
        "constant-case": "~3.0.0",
        "deep-for-each": "~3.0.0",
        "jsonpath-plus": "~5.1.0",
        "lodash": "~4.17.0",
        "tslib": "^2.0.0"
      }
    },
    "node_modules/@wix/motion-edm-autogen-types": {
      "version": "1.0.7",
      "resolved": "https://registry.npmjs.org/@wix/motion-edm-autogen-types/-/motion-edm-autogen-types-1.0.7.tgz",
      "integrity": "sha512-JYBB1yvKeFBZIOryFK1oDjnxsFo/D7GncBKgzWNuG3FyNPuoHX1OtC+7CEVT6psjKgtpvzKRUgirSHjwiAv1qw=="
    },
    "node_modules/@wix/redirects": {
      "version": "1.0.3",
      "resolved": "https://registry.npmjs.org/@wix/redirects/-/redirects-1.0.3.tgz",
      "integrity": "sha512-ZzcszS6gJ1EaUbyN2Li0dZSYquHKY84ahEMLiTZK2r7CAJ9/nbVOzfhWdOxNxLkdlooBpNs+Uc2RaLiBhjVwHA==",
      "dependencies": {
        "@wix/metro-runtime": "^1.0.0",
        "@wix/motion-edm-autogen-query-wrapper": "^1.0.0",
        "@wix/sdk-types": "^1.0.0"
      }
    },
    "node_modules/@wix/sdk-types": {
      "version": "1.1.56",
      "resolved": "https://registry.npmjs.org/@wix/sdk-types/-/sdk-types-1.1.56.tgz",
      "integrity": "sha512-D5CylH+TDd6jgoG3VQBk5ft4xr41INtTUht7nGQi1t9EOFeGQO/2dFsPwxUJxC+CTw+w2L/MrPoYbRGCXAtr1Q==",
      "dependencies": {
        "@babel/runtime": "^7.21.0"
      }
    },
    "node_modules/@zxing/text-encoding": {
      "version": "0.9.0",
      "resolved": "https://registry.npmjs.org/@zxing/text-encoding/-/text-encoding-0.9.0.tgz",
      "integrity": "sha512-U/4aVJ2mxI0aDNI8Uq0wEhMgY+u4CNtEb0om3+y3+niDAsoTCOB33UF0sxpzqzdqXLqmvc+vZyAt4O8pPdfkwA==",
      "optional": true
    },
    "node_modules/abbrev": {
      "version": "1.1.1",
      "resolved": "https://registry.npmjs.org/abbrev/-/abbrev-1.1.1.tgz",
      "integrity": "sha512-nne9/IiQ/hzIhY6pdDnbBtz7DjPTKrY00P/zvPSm5pOFkl6xuGrGnXn/VtTNNfNtAfZ9/1RtehkszU9qcTii0Q=="
    },
    "node_modules/anymatch": {
      "version": "3.1.3",
      "resolved": "https://registry.npmjs.org/anymatch/-/anymatch-3.1.3.tgz",
      "integrity": "sha512-KMReFUr0B4t+D+OBkjR3KYqvocp2XaSzO55UcB6mgQMd3KbcE+mWTyvVV7D/zsdEbNnV6acZUutkiHQXvTr1Rw==",
      "dependencies": {
        "normalize-path": "^3.0.0",
        "picomatch": "^2.0.4"
      },
      "engines": {
        "node": ">= 8"
      }
    },
    "node_modules/argparse": {
      "version": "2.0.1",
      "resolved": "https://registry.npmjs.org/argparse/-/argparse-2.0.1.tgz",
      "integrity": "sha512-8+9WqebbFzpX9OR+Wa6O29asIogeRMzcGtAINdpMHHyAg10f05aSFVBbcEqGf/PXw1EjAZ+q2/bEBg3DvurK3Q=="
    },
    "node_modules/asynckit": {
      "version": "0.4.0",
      "resolved": "https://registry.npmjs.org/asynckit/-/asynckit-0.4.0.tgz",
      "integrity": "sha512-Oei9OH4tRh0YqU3GxhX79dM/mwVgvbZJaSNaRk+bshkj0S5cfHcgYakreBjrHwatXKbz+IoIdYLxrKim2MjW0Q=="
    },
    "node_modules/available-typed-arrays": {
      "version": "1.0.5",
      "resolved": "https://registry.npmjs.org/available-typed-arrays/-/available-typed-arrays-1.0.5.tgz",
      "integrity": "sha512-DMD0KiN46eipeziST1LPP/STfDU0sufISXmjSgvVsoU2tqxctQeASejWcfNtxYKqETM1UxQ8sp2OrSBWpHY6sw==",
      "engines": {
        "node": ">= 0.4"
      },
      "funding": {
        "url": "https://github.com/sponsors/ljharb"
      }
    },
    "node_modules/axios": {
      "version": "1.3.6",
      "resolved": "https://registry.npmjs.org/axios/-/axios-1.3.6.tgz",
      "integrity": "sha512-PEcdkk7JcdPiMDkvM4K6ZBRYq9keuVJsToxm2zQIM70Qqo2WHTdJZMXcG9X+RmRp2VPNUQC8W1RAGbgt6b1yMg==",
      "dependencies": {
        "follow-redirects": "^1.15.0",
        "form-data": "^4.0.0",
        "proxy-from-env": "^1.1.0"
      }
    },
    "node_modules/balanced-match": {
      "version": "1.0.2",
      "resolved": "https://registry.npmjs.org/balanced-match/-/balanced-match-1.0.2.tgz",
      "integrity": "sha512-3oSeUO0TMV67hN1AmbXsK4yaqU7tjiHlbxRDZOpH0KW9+CeX4bRAaX0Anxt0tx2MrpRpWwQaPwIlISEJhYU5Pw=="
    },
    "node_modules/binary-extensions": {
      "version": "2.2.0",
      "resolved": "https://registry.npmjs.org/binary-extensions/-/binary-extensions-2.2.0.tgz",
      "integrity": "sha512-jDctJ/IVQbZoJykoeHbhXpOlNBqGNcwXJKJog42E5HDPUwQTSdjCHdihjj0DlnheQ7blbT6dHOafNAiS8ooQKA==",
      "engines": {
        "node": ">=8"
      }
    },
    "node_modules/brace-expansion": {
      "version": "1.1.11",
      "resolved": "https://registry.npmjs.org/brace-expansion/-/brace-expansion-1.1.11.tgz",
      "integrity": "sha512-iCuPHDFgrHX7H2vEI/5xpz07zSHB00TpugqhmYtVmMO6518mCuRMoOYFldEBl0g187ufozdaHgWKcYFb61qGiA==",
      "dependencies": {
        "balanced-match": "^1.0.0",
        "concat-map": "0.0.1"
      }
    },
    "node_modules/braces": {
      "version": "3.0.2",
      "resolved": "https://registry.npmjs.org/braces/-/braces-3.0.2.tgz",
      "integrity": "sha512-b8um+L1RzM3WDSzvhm6gIz1yfTbBt6YTlcEKAvsmqCZZFw46z626lVj9j1yEPW33H5H+lBQpZMP1k8l+78Ha0A==",
      "dependencies": {
        "fill-range": "^7.0.1"
      },
      "engines": {
        "node": ">=8"
      }
    },
    "node_modules/call-bind": {
      "version": "1.0.2",
      "resolved": "https://registry.npmjs.org/call-bind/-/call-bind-1.0.2.tgz",
      "integrity": "sha512-7O+FbCihrB5WGbFYesctwmTKae6rOiIzmz1icreWJ+0aA7LJfuqhEso2T9ncpcFtzMQtzXf2QGGueWJGTYsqrA==",
      "dependencies": {
        "function-bind": "^1.1.1",
        "get-intrinsic": "^1.0.2"
      },
      "funding": {
        "url": "https://github.com/sponsors/ljharb"
      }
    },
    "node_modules/chokidar": {
      "version": "3.5.3",
      "resolved": "https://registry.npmjs.org/chokidar/-/chokidar-3.5.3.tgz",
      "integrity": "sha512-Dr3sfKRP6oTcjf2JmUmFJfeVMvXBdegxB0iVQ5eb2V10uFJUCAS8OByZdVAyVb8xXNz3GjjTgj9kLWsZTqE6kw==",
      "funding": [
        {
          "type": "individual",
          "url": "https://paulmillr.com/funding/"
        }
      ],
      "dependencies": {
        "anymatch": "~3.1.2",
        "braces": "~3.0.2",
        "glob-parent": "~5.1.2",
        "is-binary-path": "~2.1.0",
        "is-glob": "~4.0.1",
        "normalize-path": "~3.0.0",
        "readdirp": "~3.6.0"
      },
      "engines": {
        "node": ">= 8.10.0"
      },
      "optionalDependencies": {
        "fsevents": "~2.3.2"
      }
    },
    "node_modules/combined-stream": {
      "version": "1.0.8",
      "resolved": "https://registry.npmjs.org/combined-stream/-/combined-stream-1.0.8.tgz",
      "integrity": "sha512-FQN4MRfuJeHf7cBbBMJFXhKSDq+2kAArBlmRBvcvFE5BB1HZKXtSFASDhdlz9zOYwxh8lDdnvmMOe/+5cdoEdg==",
      "dependencies": {
        "delayed-stream": "~1.0.0"
      },
      "engines": {
        "node": ">= 0.8"
      }
    },
    "node_modules/component-emitter": {
      "version": "1.3.0",
      "resolved": "https://registry.npmjs.org/component-emitter/-/component-emitter-1.3.0.tgz",
      "integrity": "sha512-Rd3se6QB+sO1TwqZjscQrurpEPIfO0/yYnSin6Q/rD3mOutHvUrCAhJub3r90uNb+SESBuE0QYoB90YdfatsRg=="
    },
    "node_modules/concat-map": {
      "version": "0.0.1",
      "resolved": "https://registry.npmjs.org/concat-map/-/concat-map-0.0.1.tgz",
      "integrity": "sha512-/Srv4dswyQNBfohGpz9o6Yb3Gz3SrUDqBH5rTuhGR7ahtlbYKnVxw2bCFMRljaA7EXHaXZ8wsHdodFvbkhKmqg=="
    },
    "node_modules/constant-case": {
      "version": "3.0.4",
      "resolved": "https://registry.npmjs.org/constant-case/-/constant-case-3.0.4.tgz",
      "integrity": "sha512-I2hSBi7Vvs7BEuJDr5dDHfzb/Ruj3FyvFyh7KLilAjNQw3Be+xgqUBA2W6scVEcL0hL1dwPRtIqEPVUCKkSsyQ==",
      "dependencies": {
        "no-case": "^3.0.4",
        "tslib": "^2.0.3",
        "upper-case": "^2.0.2"
      }
    },
    "node_modules/cookiejar": {
      "version": "2.1.4",
      "resolved": "https://registry.npmjs.org/cookiejar/-/cookiejar-2.1.4.tgz",
      "integrity": "sha512-LDx6oHrK+PhzLKJU9j5S7/Y3jM/mUHvD/DeI1WQmJn652iPC5Y4TBzC9l+5OMOXlyTTA+SmVUPm0HQUwpD5Jqw=="
    },
    "node_modules/crypto-js": {
      "version": "4.1.1",
      "resolved": "https://registry.npmjs.org/crypto-js/-/crypto-js-4.1.1.tgz",
      "integrity": "sha512-o2JlM7ydqd3Qk9CA0L4NL6mTzU2sdx96a+oOfPu8Mkl/PK51vSyoi8/rQ8NknZtk44vq15lmhAj9CIAGwgeWKw=="
    },
    "node_modules/debug": {
      "version": "3.2.7",
      "resolved": "https://registry.npmjs.org/debug/-/debug-3.2.7.tgz",
      "integrity": "sha512-CFjzYYAi4ThfiQvizrFQevTTXHtnCqWfe7x1AhgEscTz6ZbLbfoLRLPugTQyBth6f8ZERVUSyWHFD/7Wu4t1XQ==",
      "dependencies": {
        "ms": "^2.1.1"
      }
    },
    "node_modules/deep-for-each": {
      "version": "3.0.0",
      "resolved": "https://registry.npmjs.org/deep-for-each/-/deep-for-each-3.0.0.tgz",
      "integrity": "sha512-pPN+0f8jlnNP+z90qqOdxGghJU5XM6oBDhvAR+qdQzjCg5pk/7VPPvKK1GqoXEFkHza6ZS+Otzzvmr0g3VUaKw==",
      "dependencies": {
        "lodash.isplainobject": "^4.0.6"
      }
    },
    "node_modules/delayed-stream": {
      "version": "1.0.0",
      "resolved": "https://registry.npmjs.org/delayed-stream/-/delayed-stream-1.0.0.tgz",
      "integrity": "sha512-ZySD7Nf91aLB0RxL4KGrKHBXl7Eds1DAmEdcoVawXnLD7SDhpNgtuII2aAkg7a7QS41jxPSZ17p4VdGnMHk3MQ==",
      "engines": {
        "node": ">=0.4.0"
      }
    },
    "node_modules/fill-range": {
      "version": "7.0.1",
      "resolved": "https://registry.npmjs.org/fill-range/-/fill-range-7.0.1.tgz",
      "integrity": "sha512-qOo9F+dMUmC2Lcb4BbVvnKJxTPjCm+RRpe4gDuGrzkL7mEVl/djYSu2OdQ2Pa302N4oqkSg9ir6jaLWJ2USVpQ==",
      "dependencies": {
        "to-regex-range": "^5.0.1"
      },
      "engines": {
        "node": ">=8"
      }
    },
    "node_modules/follow-redirects": {
      "version": "1.15.2",
      "resolved": "https://registry.npmjs.org/follow-redirects/-/follow-redirects-1.15.2.tgz",
      "integrity": "sha512-VQLG33o04KaQ8uYi2tVNbdrWp1QWxNNea+nmIB4EVM28v0hmP17z7aG1+wAkNzVq4KeXTq3221ye5qTJP91JwA==",
      "funding": [
        {
          "type": "individual",
          "url": "https://github.com/sponsors/RubenVerborgh"
        }
      ],
      "engines": {
        "node": ">=4.0"
      },
      "peerDependenciesMeta": {
        "debug": {
          "optional": true
        }
      }
    },
    "node_modules/for-each": {
      "version": "0.3.3",
      "resolved": "https://registry.npmjs.org/for-each/-/for-each-0.3.3.tgz",
      "integrity": "sha512-jqYfLp7mo9vIyQf8ykW2v7A+2N4QjeCeI5+Dz9XraiO1ign81wjiH7Fb9vSOWvQfNtmSa4H2RoQTrrXivdUZmw==",
      "dependencies": {
        "is-callable": "^1.1.3"
      }
    },
    "node_modules/form-data": {
      "version": "4.0.0",
      "resolved": "https://registry.npmjs.org/form-data/-/form-data-4.0.0.tgz",
      "integrity": "sha512-ETEklSGi5t0QMZuiXoA/Q6vcnxcLQP5vdugSpuAyi6SVGi2clPPp+xgEhuMaHC+zGgn31Kd235W35f7Hykkaww==",
      "dependencies": {
        "asynckit": "^0.4.0",
        "combined-stream": "^1.0.8",
        "mime-types": "^2.1.12"
      },
      "engines": {
        "node": ">= 6"
      }
    },
    "node_modules/formidable": {
      "version": "1.2.6",
      "resolved": "https://registry.npmjs.org/formidable/-/formidable-1.2.6.tgz",
      "integrity": "sha512-KcpbcpuLNOwrEjnbpMC0gS+X8ciDoZE1kkqzat4a8vrprf+s9pKNQ/QIwWfbfs4ltgmFl3MD177SNTkve3BwGQ==",
      "deprecated": "Please upgrade to latest, formidable@v2 or formidable@v3! Check these notes: https://bit.ly/2ZEqIau",
      "funding": {
        "url": "https://ko-fi.com/tunnckoCore/commissions"
      }
    },
    "node_modules/fsevents": {
      "version": "2.3.2",
      "resolved": "https://registry.npmjs.org/fsevents/-/fsevents-2.3.2.tgz",
      "integrity": "sha512-xiqMQR4xAeHTuB9uWm+fFRcIOgKBMiOBP+eXiyT7jsgVCq1bkVygt00oASowB7EdtpOHaaPgKt812P9ab+DDKA==",
      "hasInstallScript": true,
      "optional": true,
      "os": [
        "darwin"
      ],
      "engines": {
        "node": "^8.16.0 || ^10.6.0 || >=11.0.0"
      }
    },
    "node_modules/function-bind": {
      "version": "1.1.1",
      "resolved": "https://registry.npmjs.org/function-bind/-/function-bind-1.1.1.tgz",
      "integrity": "sha512-yIovAzMX49sF8Yl58fSCWJ5svSLuaibPxXQJFLmBObTuCr0Mf1KiPopGM9NiFjiYBCbfaa2Fh6breQ6ANVTI0A=="
    },
    "node_modules/get-intrinsic": {
      "version": "1.2.0",
      "resolved": "https://registry.npmjs.org/get-intrinsic/-/get-intrinsic-1.2.0.tgz",
      "integrity": "sha512-L049y6nFOuom5wGyRc3/gdTLO94dySVKRACj1RmJZBQXlbTMhtNIgkWkUHq+jYmZvKf14EW1EoJnnjbmoHij0Q==",
      "dependencies": {
        "function-bind": "^1.1.1",
        "has": "^1.0.3",
        "has-symbols": "^1.0.3"
      },
      "funding": {
        "url": "https://github.com/sponsors/ljharb"
      }
    },
    "node_modules/glob-parent": {
      "version": "5.1.2",
      "resolved": "https://registry.npmjs.org/glob-parent/-/glob-parent-5.1.2.tgz",
      "integrity": "sha512-AOIgSQCepiJYwP3ARnGx+5VnTu2HBYdzbGP45eLw1vr3zB3vZLeyed1sC9hnbcOc9/SrMyM5RPQrkGz4aS9Zow==",
      "dependencies": {
        "is-glob": "^4.0.1"
      },
      "engines": {
        "node": ">= 6"
      }
    },
    "node_modules/gopd": {
      "version": "1.0.1",
      "resolved": "https://registry.npmjs.org/gopd/-/gopd-1.0.1.tgz",
      "integrity": "sha512-d65bNlIadxvpb/A2abVdlqKqV563juRnZ1Wtk6s1sIR8uNsXR70xqIzVqxVf1eTqDunwT2MkczEeaezCKTZhwA==",
      "dependencies": {
        "get-intrinsic": "^1.1.3"
      },
      "funding": {
        "url": "https://github.com/sponsors/ljharb"
      }
    },
    "node_modules/has": {
      "version": "1.0.3",
      "resolved": "https://registry.npmjs.org/has/-/has-1.0.3.tgz",
      "integrity": "sha512-f2dvO0VU6Oej7RkWJGrehjbzMAjFp5/VKPp5tTpWIV4JHHZK1/BxbFRtf/siA2SWTe09caDmVtYYzWEIbBS4zw==",
      "dependencies": {
        "function-bind": "^1.1.1"
      },
      "engines": {
        "node": ">= 0.4.0"
      }
    },
    "node_modules/has-flag": {
      "version": "3.0.0",
      "resolved": "https://registry.npmjs.org/has-flag/-/has-flag-3.0.0.tgz",
      "integrity": "sha512-sKJf1+ceQBr4SMkvQnBDNDtf4TXpVhVGateu0t918bl30FnbE2m4vNLX+VWe/dpjlb+HugGYzW7uQXH98HPEYw==",
      "engines": {
        "node": ">=4"
      }
    },
    "node_modules/has-symbols": {
      "version": "1.0.3",
      "resolved": "https://registry.npmjs.org/has-symbols/-/has-symbols-1.0.3.tgz",
      "integrity": "sha512-l3LCuF6MgDNwTDKkdYGEihYjt5pRPbEg46rtlmnSPlUbgmB8LOIrKJbYYFBSbnPaJexMKtiPO8hmeRjRz2Td+A==",
      "engines": {
        "node": ">= 0.4"
      },
      "funding": {
        "url": "https://github.com/sponsors/ljharb"
      }
    },
    "node_modules/has-tostringtag": {
      "version": "1.0.0",
      "resolved": "https://registry.npmjs.org/has-tostringtag/-/has-tostringtag-1.0.0.tgz",
      "integrity": "sha512-kFjcSNhnlGV1kyoGk7OXKSawH5JOb/LzUc5w9B02hOTO0dfFRjbHQKvg1d6cf3HbeUmtU9VbbV3qzZ2Teh97WQ==",
      "dependencies": {
        "has-symbols": "^1.0.2"
      },
      "engines": {
        "node": ">= 0.4"
      },
      "funding": {
        "url": "https://github.com/sponsors/ljharb"
      }
    },
    "node_modules/html-tag": {
      "version": "2.0.0",
      "resolved": "https://registry.npmjs.org/html-tag/-/html-tag-2.0.0.tgz",
      "integrity": "sha512-XxzooSo6oBoxBEUazgjdXj7VwTn/iSTSZzTYKzYY6I916tkaYzypHxy+pbVU1h+0UQ9JlVf5XkNQyxOAiiQO1g==",
      "dependencies": {
        "is-self-closing": "^1.0.1",
        "kind-of": "^6.0.0"
      },
      "engines": {
        "node": ">=0.10.0"
      }
    },
    "node_modules/html-tag/node_modules/kind-of": {
      "version": "6.0.3",
      "resolved": "https://registry.npmjs.org/kind-of/-/kind-of-6.0.3.tgz",
      "integrity": "sha512-dcS1ul+9tmeD95T+x28/ehLgd9mENa3LsvDTtzm3vyBEO7RPptvAD+t44WVXaUjTBRcrpFeFlC8WCruUR456hw==",
      "engines": {
        "node": ">=0.10.0"
      }
    },
    "node_modules/ignore-by-default": {
      "version": "1.0.1",
      "resolved": "https://registry.npmjs.org/ignore-by-default/-/ignore-by-default-1.0.1.tgz",
      "integrity": "sha512-Ius2VYcGNk7T90CppJqcIkS5ooHUZyIQK+ClZfMfMNFEF9VSE73Fq+906u/CWu92x4gzZMWOwfFYckPObzdEbA=="
    },
    "node_modules/inherits": {
      "version": "2.0.4",
      "resolved": "https://registry.npmjs.org/inherits/-/inherits-2.0.4.tgz",
      "integrity": "sha512-k/vGaX4/Yla3WzyMCvTQOXYeIHvqOKtnqBduzTHpzpQZzAskKMhZ2K+EnBiSM9zGSoIFeMpXKxa4dYeZIQqewQ=="
    },
    "node_modules/is-arguments": {
      "version": "1.1.1",
      "resolved": "https://registry.npmjs.org/is-arguments/-/is-arguments-1.1.1.tgz",
      "integrity": "sha512-8Q7EARjzEnKpt/PCD7e1cgUS0a6X8u5tdSiMqXhojOdoV9TsMsiO+9VLC5vAmO8N7/GmXn7yjR8qnA6bVAEzfA==",
      "dependencies": {
        "call-bind": "^1.0.2",
        "has-tostringtag": "^1.0.0"
      },
      "engines": {
        "node": ">= 0.4"
      },
      "funding": {
        "url": "https://github.com/sponsors/ljharb"
      }
    },
    "node_modules/is-binary-path": {
      "version": "2.1.0",
      "resolved": "https://registry.npmjs.org/is-binary-path/-/is-binary-path-2.1.0.tgz",
      "integrity": "sha512-ZMERYes6pDydyuGidse7OsHxtbI7WVeUEozgR/g7rd0xUimYNlvZRE/K2MgZTjWy725IfelLeVcEM97mmtRGXw==",
      "dependencies": {
        "binary-extensions": "^2.0.0"
      },
      "engines": {
        "node": ">=8"
      }
    },
    "node_modules/is-callable": {
      "version": "1.2.7",
      "resolved": "https://registry.npmjs.org/is-callable/-/is-callable-1.2.7.tgz",
      "integrity": "sha512-1BC0BVFhS/p0qtw6enp8e+8OD0UrK0oFLztSjNzhcKA3WDuJxxAPXzPuPtKkjEY9UUoEWlX/8fgKeu2S8i9JTA==",
      "engines": {
        "node": ">= 0.4"
      },
      "funding": {
        "url": "https://github.com/sponsors/ljharb"
      }
    },
    "node_modules/is-extglob": {
      "version": "2.1.1",
      "resolved": "https://registry.npmjs.org/is-extglob/-/is-extglob-2.1.1.tgz",
      "integrity": "sha512-SbKbANkN603Vi4jEZv49LeVJMn4yGwsbzZworEoyEiutsN3nJYdbO36zfhGJ6QEDpOZIFkDtnq5JRxmvl3jsoQ==",
      "engines": {
        "node": ">=0.10.0"
      }
    },
    "node_modules/is-generator-function": {
      "version": "1.0.10",
      "resolved": "https://registry.npmjs.org/is-generator-function/-/is-generator-function-1.0.10.tgz",
      "integrity": "sha512-jsEjy9l3yiXEQ+PsXdmBwEPcOxaXWLspKdplFUVI9vq1iZgIekeC0L167qeu86czQaxed3q/Uzuw0swL0irL8A==",
      "dependencies": {
        "has-tostringtag": "^1.0.0"
      },
      "engines": {
        "node": ">= 0.4"
      },
      "funding": {
        "url": "https://github.com/sponsors/ljharb"
      }
    },
    "node_modules/is-glob": {
      "version": "4.0.3",
      "resolved": "https://registry.npmjs.org/is-glob/-/is-glob-4.0.3.tgz",
      "integrity": "sha512-xelSayHH36ZgE7ZWhli7pW34hNbNl8Ojv5KVmkJD4hBdD3th8Tfk9vYasLM+mXWOZhFkgZfxhLSnrwRr4elSSg==",
      "dependencies": {
        "is-extglob": "^2.1.1"
      },
      "engines": {
        "node": ">=0.10.0"
      }
    },
    "node_modules/is-number": {
      "version": "7.0.0",
      "resolved": "https://registry.npmjs.org/is-number/-/is-number-7.0.0.tgz",
      "integrity": "sha512-41Cifkg6e8TylSpdtTpeLVMqvSBEVzTttHvERD741+pnZ8ANv0004MRL43QKPDlK9cGvNp6NZWZUBlbGXYxxng==",
      "engines": {
        "node": ">=0.12.0"
      }
    },
    "node_modules/is-self-closing": {
      "version": "1.0.1",
      "resolved": "https://registry.npmjs.org/is-self-closing/-/is-self-closing-1.0.1.tgz",
      "integrity": "sha512-E+60FomW7Blv5GXTlYee2KDrnG6srxF7Xt1SjrhWUGUEsTFIqY/nq2y3DaftCsgUMdh89V07IVfhY9KIJhLezg==",
      "dependencies": {
        "self-closing-tags": "^1.0.1"
      },
      "engines": {
        "node": ">=0.12.0"
      }
    },
    "node_modules/is-typed-array": {
      "version": "1.1.10",
      "resolved": "https://registry.npmjs.org/is-typed-array/-/is-typed-array-1.1.10.tgz",
      "integrity": "sha512-PJqgEHiWZvMpaFZ3uTc8kHPM4+4ADTlDniuQL7cU/UDA0Ql7F70yGfHph3cLNe+c9toaigv+DFzTJKhc2CtO6A==",
      "dependencies": {
        "available-typed-arrays": "^1.0.5",
        "call-bind": "^1.0.2",
        "for-each": "^0.3.3",
        "gopd": "^1.0.1",
        "has-tostringtag": "^1.0.0"
      },
      "engines": {
        "node": ">= 0.4"
      },
      "funding": {
        "url": "https://github.com/sponsors/ljharb"
      }
    },
    "node_modules/js-yaml": {
      "version": "4.1.0",
      "resolved": "https://registry.npmjs.org/js-yaml/-/js-yaml-4.1.0.tgz",
      "integrity": "sha512-wpxZs9NoxZaJESJGIZTyDEaYpl0FKSA+FB9aJiyemKhMwkxQg63h4T1KJgUGHpTqPDNRcmmYLugrRjJlBtWvRA==",
      "dependencies": {
        "argparse": "^2.0.1"
      },
      "bin": {
        "js-yaml": "bin/js-yaml.js"
      }
    },
    "node_modules/jsonpath-plus": {
      "version": "5.1.0",
      "resolved": "https://registry.npmjs.org/jsonpath-plus/-/jsonpath-plus-5.1.0.tgz",
      "integrity": "sha512-890w2Pjtj0iswAxalRlt2kHthi6HKrXEfZcn+ZNZptv7F3rUGIeDuZo+C+h4vXBHLEsVjJrHeCm35nYeZLzSBQ==",
      "engines": {
        "node": ">=10.0.0"
      }
    },
    "node_modules/kind-of": {
      "version": "5.1.0",
      "resolved": "https://registry.npmjs.org/kind-of/-/kind-of-5.1.0.tgz",
      "integrity": "sha512-NGEErnH6F2vUuXDh+OlbcKW7/wOcfdRHaZ7VWtqCztfHri/++YKmP51OdWeGPuqCOba6kk2OTe5d02VmTB80Pw==",
      "engines": {
        "node": ">=0.10.0"
      }
    },
    "node_modules/li": {
      "version": "1.3.0",
      "resolved": "https://registry.npmjs.org/li/-/li-1.3.0.tgz",
      "integrity": "sha512-z34TU6GlMram52Tss5mt1m//ifRIpKH5Dqm7yUVOdHI+BQCs9qGPHFaCUTIzsWX7edN30aa2WrPwR7IO10FHaw=="
    },
    "node_modules/lodash": {
      "version": "4.17.21",
      "resolved": "https://registry.npmjs.org/lodash/-/lodash-4.17.21.tgz",
      "integrity": "sha512-v2kDEe57lecTulaDIuNTPy3Ry4gLGJ6Z1O3vE1krgXZNrsQ+LFTGHVxVjcXPs17LhbZVGedAJv8XZ1tvj5FvSg=="
    },
    "node_modules/lodash.isplainobject": {
      "version": "4.0.6",
      "resolved": "https://registry.npmjs.org/lodash.isplainobject/-/lodash.isplainobject-4.0.6.tgz",
      "integrity": "sha512-oSXzaWypCMHkPC3NvBEaPHf0KsA5mvPrOPgQWDsbg8n7orZ290M0BmC/jgRZ4vcJ6DTAhjrsSYgdsW/F+MFOBA=="
    },
    "node_modules/long": {
      "version": "4.0.0",
      "resolved": "https://registry.npmjs.org/long/-/long-4.0.0.tgz",
      "integrity": "sha512-XsP+KhQif4bjX1kbuSiySJFNAehNxgLb6hPRGJ9QsUr8ajHkuXGdrHmFUTUUXhDwVX2R5bY4JNZEwbUiMhV+MA=="
    },
    "node_modules/lower-case": {
      "version": "2.0.2",
      "resolved": "https://registry.npmjs.org/lower-case/-/lower-case-2.0.2.tgz",
      "integrity": "sha512-7fm3l3NAF9WfN6W3JOmf5drwpVqX78JtoGJ3A6W0a6ZnldM41w2fV5D490psKFTpMds8TJse/eHLFFsNHHjHgg==",
      "dependencies": {
        "tslib": "^2.0.3"
      }
    },
    "node_modules/methods": {
      "version": "1.1.2",
      "resolved": "https://registry.npmjs.org/methods/-/methods-1.1.2.tgz",
      "integrity": "sha512-iclAHeNqNm68zFtnZ0e+1L2yUIdvzNoauKU4WBA3VvH/vPFieF7qfRlwUZU+DA9P9bPXIS90ulxoUoCH23sV2w==",
      "engines": {
        "node": ">= 0.6"
      }
    },
    "node_modules/mime": {
      "version": "2.6.0",
      "resolved": "https://registry.npmjs.org/mime/-/mime-2.6.0.tgz",
      "integrity": "sha512-USPkMeET31rOMiarsBNIHZKLGgvKc/LrjofAnBlOttf5ajRvqiRA8QsenbcooctK6d6Ts6aqZXBA+XbkKthiQg==",
      "bin": {
        "mime": "cli.js"
      },
      "engines": {
        "node": ">=4.0.0"
      }
    },
    "node_modules/mime-db": {
      "version": "1.52.0",
      "resolved": "https://registry.npmjs.org/mime-db/-/mime-db-1.52.0.tgz",
      "integrity": "sha512-sPU4uV7dYlvtWJxwwxHD0PuihVNiE7TyAbQ5SWxDCB9mUYvOgroQOwYQQOKPJ8CIbE+1ETVlOoK1UC2nU3gYvg==",
      "engines": {
        "node": ">= 0.6"
      }
    },
    "node_modules/mime-types": {
      "version": "2.1.35",
      "resolved": "https://registry.npmjs.org/mime-types/-/mime-types-2.1.35.tgz",
      "integrity": "sha512-ZDY+bPm5zTTF+YpCrAU9nK0UgICYPT0QtT1NZWFv4s++TNkcgVaT0g6+4R2uI4MjQjzysHB1zxuWL50hzaeXiw==",
      "dependencies": {
        "mime-db": "1.52.0"
      },
      "engines": {
        "node": ">= 0.6"
      }
    },
    "node_modules/minimatch": {
      "version": "3.1.2",
      "resolved": "https://registry.npmjs.org/minimatch/-/minimatch-3.1.2.tgz",
      "integrity": "sha512-J7p63hRiAjw1NDEww1W7i37+ByIrOWO5XQQAzZ3VOcL0PNybwpfmV/N05zFAzwQ9USyEcX6t3UO+K5aqBQOIHw==",
      "dependencies": {
        "brace-expansion": "^1.1.7"
      },
      "engines": {
        "node": "*"
      }
    },
    "node_modules/ms": {
      "version": "2.1.3",
      "resolved": "https://registry.npmjs.org/ms/-/ms-2.1.3.tgz",
      "integrity": "sha512-6FlzubTLZG3J2a/NVCAleEhjzq5oxgHyaCU9yYXvcLsvoVaHJq/s5xXI6/XXP6tz7R9xAOtHnSO/tXtF3WRTlA=="
    },
    "node_modules/no-case": {
      "version": "3.0.4",
      "resolved": "https://registry.npmjs.org/no-case/-/no-case-3.0.4.tgz",
      "integrity": "sha512-fgAN3jGAh+RoxUGZHTSOLJIqUc2wmoBwGR4tbpNAKmmovFoWq0OdRkb0VkldReO2a2iBT/OEulG9XSUc10r3zg==",
      "dependencies": {
        "lower-case": "^2.0.2",
        "tslib": "^2.0.3"
      }
    },
    "node_modules/nodemon": {
      "version": "2.0.22",
      "resolved": "https://registry.npmjs.org/nodemon/-/nodemon-2.0.22.tgz",
      "integrity": "sha512-B8YqaKMmyuCO7BowF1Z1/mkPqLk6cs/l63Ojtd6otKjMx47Dq1utxfRxcavH1I7VSaL8n5BUaoutadnsX3AAVQ==",
      "dependencies": {
        "chokidar": "^3.5.2",
        "debug": "^3.2.7",
        "ignore-by-default": "^1.0.1",
        "minimatch": "^3.1.2",
        "pstree.remy": "^1.1.8",
        "semver": "^5.7.1",
        "simple-update-notifier": "^1.0.7",
        "supports-color": "^5.5.0",
        "touch": "^3.1.0",
        "undefsafe": "^2.0.5"
      },
      "bin": {
        "nodemon": "bin/nodemon.js"
      },
      "engines": {
        "node": ">=8.10.0"
      },
      "funding": {
        "type": "opencollective",
        "url": "https://opencollective.com/nodemon"
      }
    },
    "node_modules/nopt": {
      "version": "1.0.10",
      "resolved": "https://registry.npmjs.org/nopt/-/nopt-1.0.10.tgz",
      "integrity": "sha512-NWmpvLSqUrgrAC9HCuxEvb+PSloHpqVu+FqcO4eeF2h5qYRhA7ev6KvelyQAKtegUbC6RypJnlEOhd8vloNKYg==",
      "dependencies": {
        "abbrev": "1"
      },
      "bin": {
        "nopt": "bin/nopt.js"
      },
      "engines": {
        "node": "*"
      }
    },
    "node_modules/normalize-path": {
      "version": "3.0.0",
      "resolved": "https://registry.npmjs.org/normalize-path/-/normalize-path-3.0.0.tgz",
      "integrity": "sha512-6eZs5Ls3WtCisHWp9S2GUy8dqkpGi4BVSz3GaqiE6ezub0512ESztXUwUB6C6IKbQkY2Pnb/mD4WYojCRwcwLA==",
      "engines": {
        "node": ">=0.10.0"
      }
    },
    "node_modules/object-inspect": {
      "version": "1.12.3",
      "resolved": "https://registry.npmjs.org/object-inspect/-/object-inspect-1.12.3.tgz",
      "integrity": "sha512-geUvdk7c+eizMNUDkRpW1wJwgfOiOeHbxBR/hLXK1aT6zmVSO0jsQcs7fj6MGw89jC/cjGfLcNOrtMYtGqm81g==",
      "funding": {
        "url": "https://github.com/sponsors/ljharb"
      }
    },
    "node_modules/parse-link-header": {
      "version": "1.0.1",
      "resolved": "https://registry.npmjs.org/parse-link-header/-/parse-link-header-1.0.1.tgz",
      "integrity": "sha512-Z0gpfHmwCIKDr5rRzjypL+p93aHVWO7e+0rFcUl9E3sC67njjs+xHFenuboSXZGlvYtmQqRzRaE3iFpTUnLmFQ==",
      "dependencies": {
        "xtend": "~4.0.1"
      }
    },
    "node_modules/picomatch": {
      "version": "2.3.1",
      "resolved": "https://registry.npmjs.org/picomatch/-/picomatch-2.3.1.tgz",
      "integrity": "sha512-JU3teHTNjmE2VCGFzuY8EXzCDVwEqB2a8fsIvwaStHhAWJEeVd1o1QD80CU6+ZdEXXSLbSsuLwJjkCBWqRQUVA==",
      "engines": {
        "node": ">=8.6"
      },
      "funding": {
        "url": "https://github.com/sponsors/jonschlinkert"
      }
    },
    "node_modules/pkce-challenge": {
      "version": "3.1.0",
      "resolved": "https://registry.npmjs.org/pkce-challenge/-/pkce-challenge-3.1.0.tgz",
      "integrity": "sha512-bQ/0XPZZ7eX+cdAkd61uYWpfMhakH3NeteUF1R8GNa+LMqX8QFAkbCLqq+AYAns1/ueACBu/BMWhrlKGrdvGZg==",
      "dependencies": {
        "crypto-js": "^4.1.1"
      }
    },
    "node_modules/proxy-from-env": {
      "version": "1.1.0",
      "resolved": "https://registry.npmjs.org/proxy-from-env/-/proxy-from-env-1.1.0.tgz",
      "integrity": "sha512-D+zkORCbA9f1tdWRK0RaCR3GPv50cMxcrz4X8k5LTSUD1Dkw47mKJEZQNunItRTkWwgtaUSo1RVFRIG9ZXiFYg=="
    },
    "node_modules/pstree.remy": {
      "version": "1.1.8",
      "resolved": "https://registry.npmjs.org/pstree.remy/-/pstree.remy-1.1.8.tgz",
      "integrity": "sha512-77DZwxQmxKnu3aR542U+X8FypNzbfJ+C5XQDk3uWjWxn6151aIMGthWYRXTqT1E5oJvg+ljaa2OJi+VfvCOQ8w=="
    },
    "node_modules/qs": {
      "version": "6.11.1",
      "resolved": "https://registry.npmjs.org/qs/-/qs-6.11.1.tgz",
      "integrity": "sha512-0wsrzgTz/kAVIeuxSjnpGC56rzYtr6JT/2BwEvMaPhFIoYa1aGO8LbzuU1R0uUYQkLpWBTOj0l/CLAJB64J6nQ==",
      "dependencies": {
        "side-channel": "^1.0.4"
      },
      "engines": {
        "node": ">=0.6"
      },
      "funding": {
        "url": "https://github.com/sponsors/ljharb"
      }
    },
    "node_modules/querystring": {
      "version": "0.2.1",
      "resolved": "https://registry.npmjs.org/querystring/-/querystring-0.2.1.tgz",
      "integrity": "sha512-wkvS7mL/JMugcup3/rMitHmd9ecIGd2lhFhK9N3UUQ450h66d1r3Y9nvXzQAW1Lq+wyx61k/1pfKS5KuKiyEbg==",
      "deprecated": "The querystring API is considered Legacy. new code should use the URLSearchParams API instead.",
      "engines": {
        "node": ">=0.4.x"
      }
    },
    "node_modules/readable-stream": {
      "version": "3.6.2",
      "resolved": "https://registry.npmjs.org/readable-stream/-/readable-stream-3.6.2.tgz",
      "integrity": "sha512-9u/sniCrY3D5WdsERHzHE4G2YCXqoG5FTHUiCC4SIbr6XcLZBY05ya9EKjYek9O5xOAwjGq+1JdGBAS7Q9ScoA==",
      "dependencies": {
        "inherits": "^2.0.3",
        "string_decoder": "^1.1.1",
        "util-deprecate": "^1.0.1"
      },
      "engines": {
        "node": ">= 6"
      }
    },
    "node_modules/readdirp": {
      "version": "3.6.0",
      "resolved": "https://registry.npmjs.org/readdirp/-/readdirp-3.6.0.tgz",
      "integrity": "sha512-hOS089on8RduqdbhvQ5Z37A0ESjsqz6qnRcffsMU3495FuTdqSm+7bhJ29JvIOsBDEEnan5DPu9t3To9VRlMzA==",
      "dependencies": {
        "picomatch": "^2.2.1"
      },
      "engines": {
        "node": ">=8.10.0"
      }
    },
    "node_modules/regenerator-runtime": {
      "version": "0.13.11",
      "resolved": "https://registry.npmjs.org/regenerator-runtime/-/regenerator-runtime-0.13.11.tgz",
      "integrity": "sha512-kY1AZVr2Ra+t+piVaJ4gxaFaReZVH40AKNo7UCX6W+dEwBo/2oZJzqfuN1qLq1oL45o56cPaTXELwrTh8Fpggg=="
    },
    "node_modules/safe-buffer": {
      "version": "5.2.1",
      "resolved": "https://registry.npmjs.org/safe-buffer/-/safe-buffer-5.2.1.tgz",
      "integrity": "sha512-rp3So07KcdmmKbGvgaNxQSJr7bGVSVk5S9Eq1F+ppbRo70+YeaDxkw5Dd8NPN+GD6bjnYm2VuPuCXmpuYvmCXQ==",
      "funding": [
        {
          "type": "github",
          "url": "https://github.com/sponsors/feross"
        },
        {
          "type": "patreon",
          "url": "https://www.patreon.com/feross"
        },
        {
          "type": "consulting",
          "url": "https://feross.org/support"
        }
      ]
    },
    "node_modules/self-closing-tags": {
      "version": "1.0.1",
      "resolved": "https://registry.npmjs.org/self-closing-tags/-/self-closing-tags-1.0.1.tgz",
      "integrity": "sha512-7t6hNbYMxM+VHXTgJmxwgZgLGktuXtVVD5AivWzNTdJBM4DBjnDKDzkf2SrNjihaArpeJYNjxkELBu1evI4lQA==",
      "engines": {
        "node": ">=0.12.0"
      }
    },
    "node_modules/semver": {
      "version": "5.7.1",
      "resolved": "https://registry.npmjs.org/semver/-/semver-5.7.1.tgz",
      "integrity": "sha512-sauaDf/PZdVgrLTNYHRtpXa1iRiKcaebiKQ1BJdpQlWH2lCvexQdX55snPFyK7QzpudqbCI0qXFfOasHdyNDGQ==",
      "bin": {
        "semver": "bin/semver"
      }
    },
    "node_modules/side-channel": {
      "version": "1.0.4",
      "resolved": "https://registry.npmjs.org/side-channel/-/side-channel-1.0.4.tgz",
      "integrity": "sha512-q5XPytqFEIKHkGdiMIrY10mvLRvnQh42/+GoBlFW3b2LXLE2xxJpZFdm94we0BaoV3RwJyGqg5wS7epxTv0Zvw==",
      "dependencies": {
        "call-bind": "^1.0.0",
        "get-intrinsic": "^1.0.2",
        "object-inspect": "^1.9.0"
      },
      "funding": {
        "url": "https://github.com/sponsors/ljharb"
      }
    },
    "node_modules/simple-update-notifier": {
      "version": "1.1.0",
      "resolved": "https://registry.npmjs.org/simple-update-notifier/-/simple-update-notifier-1.1.0.tgz",
      "integrity": "sha512-VpsrsJSUcJEseSbMHkrsrAVSdvVS5I96Qo1QAQ4FxQ9wXFcB+pjj7FB7/us9+GcgfW4ziHtYMc1J0PLczb55mg==",
      "dependencies": {
        "semver": "~7.0.0"
      },
      "engines": {
        "node": ">=8.10.0"
      }
    },
    "node_modules/simple-update-notifier/node_modules/semver": {
      "version": "7.0.0",
      "resolved": "https://registry.npmjs.org/semver/-/semver-7.0.0.tgz",
      "integrity": "sha512-+GB6zVA9LWh6zovYQLALHwv5rb2PHGlJi3lfiqIHxR0uuwCgefcOJc59v9fv1w8GbStwxuuqqAjI9NMAOOgq1A==",
      "bin": {
        "semver": "bin/semver.js"
      }
    },
    "node_modules/string_decoder": {
      "version": "1.3.0",
      "resolved": "https://registry.npmjs.org/string_decoder/-/string_decoder-1.3.0.tgz",
      "integrity": "sha512-hkRX8U1WjJFd8LsDJ2yQ/wWWxaopEsABU1XfkM8A+j0+85JAGppt16cr1Whg6KIbb4okU6Mql6BOj+uup/wKeA==",
      "dependencies": {
        "safe-buffer": "~5.2.0"
      }
    },
    "node_modules/superagent": {
      "version": "4.1.0",
      "resolved": "https://registry.npmjs.org/superagent/-/superagent-4.1.0.tgz",
      "integrity": "sha512-FT3QLMasz0YyCd4uIi5HNe+3t/onxMyEho7C3PSqmti3Twgy2rXT4fmkTz6wRL6bTF4uzPcfkUCa8u4JWHw8Ag==",
      "deprecated": "Please upgrade to v7.0.2+ of superagent.  We have fixed numerous issues with streams, form-data, attach(), filesystem errors not bubbling up (ENOENT on attach()), and all tests are now passing.  See the releases tab for more information at <https://github.com/visionmedia/superagent/releases>.",
      "dependencies": {
        "component-emitter": "^1.2.0",
        "cookiejar": "^2.1.2",
        "debug": "^4.1.0",
        "form-data": "^2.3.3",
        "formidable": "^1.2.0",
        "methods": "^1.1.1",
        "mime": "^2.4.0",
        "qs": "^6.6.0",
        "readable-stream": "^3.0.6"
      },
      "engines": {
        "node": ">= 6.0"
      }
    },
    "node_modules/superagent/node_modules/debug": {
      "version": "4.3.4",
      "resolved": "https://registry.npmjs.org/debug/-/debug-4.3.4.tgz",
      "integrity": "sha512-PRWFHuSU3eDtQJPvnNY7Jcket1j0t5OuOsFzPPzsekD52Zl8qUfFIPEiswXqIvHWGVHOgX+7G/vCNNhehwxfkQ==",
      "dependencies": {
        "ms": "2.1.2"
      },
      "engines": {
        "node": ">=6.0"
      },
      "peerDependenciesMeta": {
        "supports-color": {
          "optional": true
        }
      }
    },
    "node_modules/superagent/node_modules/form-data": {
      "version": "2.5.1",
      "resolved": "https://registry.npmjs.org/form-data/-/form-data-2.5.1.tgz",
      "integrity": "sha512-m21N3WOmEEURgk6B9GLOE4RuWOFf28Lhh9qGYeNlGq4VDXUlJy2th2slBNU8Gp8EzloYZOibZJ7t5ecIrFSjVA==",
      "dependencies": {
        "asynckit": "^0.4.0",
        "combined-stream": "^1.0.6",
        "mime-types": "^2.1.12"
      },
      "engines": {
        "node": ">= 0.12"
      }
    },
    "node_modules/superagent/node_modules/ms": {
      "version": "2.1.2",
      "resolved": "https://registry.npmjs.org/ms/-/ms-2.1.2.tgz",
      "integrity": "sha512-sGkPx+VjMtmA6MX27oA4FBFELFCZZ4S4XqeGOXCv68tT+jb3vk/RyaKWP0PTKyWtmLSM0b+adUTEvbs1PEaH2w=="
    },
    "node_modules/supports-color": {
      "version": "5.5.0",
      "resolved": "https://registry.npmjs.org/supports-color/-/supports-color-5.5.0.tgz",
      "integrity": "sha512-QjVjwdXIt408MIiAqCX4oUKsgU2EqAGzs2Ppkm4aQYbjm+ZEWEcW4SfFNTr4uMNZma0ey4f5lgLrkB0aX0QMow==",
      "dependencies": {
        "has-flag": "^3.0.0"
      },
      "engines": {
        "node": ">=4"
      }
    },
    "node_modules/to-regex-range": {
      "version": "5.0.1",
      "resolved": "https://registry.npmjs.org/to-regex-range/-/to-regex-range-5.0.1.tgz",
      "integrity": "sha512-65P7iz6X5yEr1cwcgvQxbbIw7Uk3gOy5dIdtZ4rDveLqhrdJP+Li/Hx6tyK0NEb+2GCyneCMJiGqrADCSNk8sQ==",
      "dependencies": {
        "is-number": "^7.0.0"
      },
      "engines": {
        "node": ">=8.0"
      }
    },
    "node_modules/touch": {
      "version": "3.1.0",
      "resolved": "https://registry.npmjs.org/touch/-/touch-3.1.0.tgz",
      "integrity": "sha512-WBx8Uy5TLtOSRtIq+M03/sKDrXCLHxwDcquSP2c43Le03/9serjQBIztjRz6FkJez9D/hleyAXTBGLwwZUw9lA==",
      "dependencies": {
        "nopt": "~1.0.10"
      },
      "bin": {
        "nodetouch": "bin/nodetouch.js"
      }
    },
    "node_modules/tslib": {
      "version": "2.5.0",
      "resolved": "https://registry.npmjs.org/tslib/-/tslib-2.5.0.tgz",
      "integrity": "sha512-336iVw3rtn2BUK7ORdIAHTyxHGRIHVReokCR3XjbckJMK7ms8FysBfhLR8IXnAgy7T0PTPNBWKiH514FOW/WSg=="
    },
    "node_modules/type-fest": {
      "version": "2.19.0",
      "resolved": "https://registry.npmjs.org/type-fest/-/type-fest-2.19.0.tgz",
      "integrity": "sha512-RAH822pAdBgcNMAfWnCBU3CFZcfZ/i1eZjwFU/dsLKumyuuP3niueg2UAukXYF0E2AAoc82ZSSf9J0WQBinzHA==",
      "engines": {
        "node": ">=12.20"
      },
      "funding": {
        "url": "https://github.com/sponsors/sindresorhus"
      }
    },
    "node_modules/undefsafe": {
      "version": "2.0.5",
      "resolved": "https://registry.npmjs.org/undefsafe/-/undefsafe-2.0.5.tgz",
      "integrity": "sha512-WxONCrssBM8TSPRqN5EmsjVrsv4A8X12J4ArBiiayv3DyyG3ZlIg6yysuuSYdZsVz3TKcTg2fd//Ujd4CHV1iA=="
    },
    "node_modules/upper-case": {
      "version": "2.0.2",
      "resolved": "https://registry.npmjs.org/upper-case/-/upper-case-2.0.2.tgz",
      "integrity": "sha512-KgdgDGJt2TpuwBUIjgG6lzw2GWFRCW9Qkfkiv0DxqHHLYJHmtmdUIKcZd8rHgFSjopVTlw6ggzCm1b8MFQwikg==",
      "dependencies": {
        "tslib": "^2.0.3"
      }
    },
    "node_modules/util": {
      "version": "0.12.5",
      "resolved": "https://registry.npmjs.org/util/-/util-0.12.5.tgz",
      "integrity": "sha512-kZf/K6hEIrWHI6XqOFUiiMa+79wE/D8Q+NCNAWclkyg3b4d2k7s0QGepNjiABc+aR3N1PAyHL7p6UcLY6LmrnA==",
      "dependencies": {
        "inherits": "^2.0.3",
        "is-arguments": "^1.0.4",
        "is-generator-function": "^1.0.7",
        "is-typed-array": "^1.1.3",
        "which-typed-array": "^1.1.2"
      }
    },
    "node_modules/util-deprecate": {
      "version": "1.0.2",
      "resolved": "https://registry.npmjs.org/util-deprecate/-/util-deprecate-1.0.2.tgz",
      "integrity": "sha512-EPD5q1uXyFxJpCrLnCc1nHnq3gOa6DZBocAIiI2TaSCA7VCJ1UJDMagCzIkXNsUYfD1daK//LTEQ8xiIbrHtcw=="
    },
    "node_modules/web-encoding": {
      "version": "1.1.5",
      "resolved": "https://registry.npmjs.org/web-encoding/-/web-encoding-1.1.5.tgz",
      "integrity": "sha512-HYLeVCdJ0+lBYV2FvNZmv3HJ2Nt0QYXqZojk3d9FJOLkwnuhzM9tmamh8d7HPM8QqjKH8DeHkFTx+CFlWpZZDA==",
      "dependencies": {
        "util": "^0.12.3"
      },
      "optionalDependencies": {
        "@zxing/text-encoding": "0.9.0"
      }
    },
    "node_modules/web-streams-polyfill": {
      "version": "3.2.1",
      "resolved": "https://registry.npmjs.org/web-streams-polyfill/-/web-streams-polyfill-3.2.1.tgz",
      "integrity": "sha512-e0MO3wdXWKrLbL0DgGnUV7WHVuw9OUvL4hjgnPkIeEvESk74gAITi5G606JtZPp39cd8HA9VQzCIvA49LpPN5Q==",
      "engines": {
        "node": ">= 8"
      }
    },
    "node_modules/which-typed-array": {
      "version": "1.1.9",
      "resolved": "https://registry.npmjs.org/which-typed-array/-/which-typed-array-1.1.9.tgz",
      "integrity": "sha512-w9c4xkx6mPidwp7180ckYWfMmvxpjlZuIudNtDf4N/tTAUB8VJbX25qZoAsrtGuYNnGw3pa0AXgbGKRB8/EceA==",
      "dependencies": {
        "available-typed-arrays": "^1.0.5",
        "call-bind": "^1.0.2",
        "for-each": "^0.3.3",
        "gopd": "^1.0.1",
        "has-tostringtag": "^1.0.0",
        "is-typed-array": "^1.1.10"
      },
      "engines": {
        "node": ">= 0.4"
      },
      "funding": {
        "url": "https://github.com/sponsors/ljharb"
      }
    },
    "node_modules/wix": {
      "version": "0.1.1",
      "resolved": "https://registry.npmjs.org/wix/-/wix-0.1.1.tgz",
      "integrity": "sha512-5+xytW5FWYEU7EJy9wDbLGH2BzNg0P+JCb3XoFeJsfAYab+r0nVpJDEVD96orFnuCJP5hZ8nRCBLPJ7nvVa8hw==",
      "engines": {
        "node": "~0.10.x"
      }
    },
    "node_modules/wpapi": {
      "version": "1.2.2",
      "resolved": "https://registry.npmjs.org/wpapi/-/wpapi-1.2.2.tgz",
      "integrity": "sha512-lkgi8Gjav3SArrCkNpG61ZnmCyamXKB+SjaR8tAoHhSZbJRTeabIlsdqUUAN3JGbVY3ht8p+EGdpCFIaanI5+w==",
      "dependencies": {
        "li": "^1.3.0",
        "parse-link-header": "^1.0.1",
        "qs": "^6.6.0",
        "superagent": "^4.0.0"
      }
    },
    "node_modules/xtend": {
      "version": "4.0.2",
      "resolved": "https://registry.npmjs.org/xtend/-/xtend-4.0.2.tgz",
      "integrity": "sha512-LKYU1iAXJXUgAXn9URjiu+MWhyUXHsvfp7mcuYm9dSUKK0/CjtrUwFAxD82/mCWbtLsGjFIad0wIsod4zrTAEQ==",
      "engines": {
        "node": ">=0.4"
      }
    }
  }
}
